
Microsoft Visual Studio Solution File, Format Version 12.00
# Visual Studio 2015
Project("{FAE04EC0-301F-11D3-BF4B-00C04F79EFBC}") = "P1-Flipperkast.CSharp", "P1-Flipperkast.CSharp.csproj", "{3DE128F7-6B62-6967-D57F-FA379BEB6E9A}"
EndProject
Project("{FAE04EC0-301F-11D3-BF4B-00C04F79EFBC}") = "P1-Flipperkast.CSharp.Editor", "P1-Flipperkast.CSharp.Editor.csproj", "{6EB615F5-97E9-68C0-8D73-CAA7FAB00845}"
EndProject
Global
	GlobalSection(SolutionConfigurationPlatforms) = preSolution
		Debug|Any CPU = Debug|Any CPU
		Release|Any CPU = Release|Any CPU
	EndGlobalSection
	GlobalSection(ProjectConfigurationPlatforms) = postSolution
		{3DE128F7-6B62-6967-D57F-FA379BEB6E9A}.Debug|Any CPU.ActiveCfg = Debug|Any CPU
		{3DE128F7-6B62-6967-D57F-FA379BEB6E9A}.Debug|Any CPU.Build.0 = Debug|Any CPU
		{3DE128F7-6B62-6967-D57F-FA379BEB6E9A}.Release|Any CPU.ActiveCfg = Release|Any CPU
		{3DE128F7-6B62-6967-D57F-FA379BEB6E9A}.Release|Any CPU.Build.0 = Release|Any CPU
		{6EB615F5-97E9-68C0-8D73-CAA7FAB00845}.Debug|Any CPU.ActiveCfg = Debug|Any CPU
		{6EB615F5-97E9-68C0-8D73-CAA7FAB00845}.Debug|Any CPU.Build.0 = Debug|Any CPU
		{6EB615F5-97E9-68C0-8D73-CAA7FAB00845}.Release|Any CPU.ActiveCfg = Release|Any CPU
		{6EB615F5-97E9-68C0-8D73-CAA7FAB00845}.Release|Any CPU.Build.0 = Release|Any CPU
	EndGlobalSection
	GlobalSection(SolutionProperties) = preSolution
		HideSolutionNode = FALSE
	EndGlobalSection
EndGlobal
